{
  "version": 4,
  "terraform_version": "1.11.4",
  "serial": 13,
  "lineage": "8d3bd2f1-fe9a-7218-a8d9-bf4a47f48e5d",
  "outputs": {},
  "resources": [
    {
      "mode": "managed",
      "type": "local_file",
      "name": "deployment_info",
      "provider": "provider[\"registry.terraform.io/hashicorp/local\"]",
      "instances": [
        {
          "schema_version": 0,
          "attributes": {
            "content": "Deployment timestamp: 2025-05-02T18:19:00Z",
            "content_base64": null,
            "content_base64sha256": "IZH8re1/lrZwnqUeshOIwaFgq05034xGDc1Mw5+tqiA=",
            "content_base64sha512": "qZzyZ9DGQQR4BLrO0QbZnOkPmA935oQrJa+13CJljwZNFb2053j205ew+A2hB63I9AbUUSZtNV3QTQQVRr9TDw==",
            "content_md5": "bd525b6a2910d2fc7fcb3fbd9e093c8c",
            "content_sha1": "ee50e524eb108b0bd479854eba74c0fcce66b599",
            "content_sha256": "2191fcaded7f96b6709ea51eb21388c1a160ab4e74df8c460dcd4cc39fadaa20",
            "content_sha512": "a99cf267d0c641047804baced106d99ce90f980f77e6842b25afb5dc22658f064d15bdb4e778f6d397b0f80da107adc8f406d451266d355dd04d041546bf530f",
            "directory_permission": "0777",
            "file_permission": "0777",
            "filename": "./deployment_info.txt",
            "id": "ee50e524eb108b0bd479854eba74c0fcce66b599",
            "sensitive_content": null,
            "source": null
          },
          "sensitive_attributes": [
            [
              {
                "type": "get_attr",
                "value": "sensitive_content"
              }
            ]
          ]
        }
      ]
    },
    {
      "mode": "managed",
      "type": "local_file",
      "name": "docker_instructions",
      "provider": "provider[\"registry.terraform.io/hashicorp/local\"]",
      "instances": [
        {
          "schema_version": 0,
          "attributes": {
            "content": "# Docker Setup Instructions for Windows\n\nIf you're seeing Docker connectivity errors, follow these steps:\n\n1. Make sure Docker Desktop is installed\n   - Download from https://www.docker.com/products/docker-desktop/\n\n2. Start Docker Desktop\n   - Look for Docker Desktop in your Start menu\n   - Wait for it to fully initialize (you should see the Docker icon in your system tray)\n\n3. Check Docker settings\n   - Right-click on the Docker Desktop icon in the system tray\n   - Select \"Settings\"\n   - Under \"General\", make sure \"Use the WSL 2 based engine\" is properly configured\n   - Under \"Resources\", make sure you have allocated enough memory\n\n4. Restart Docker Desktop if needed\n   - Right-click on the Docker Desktop icon in the system tray\n   - Select \"Restart\"\n\n5. Run Terraform commands again\n   - terraform init\n   - terraform plan\n   - terraform apply\n\nFor more help, visit: https://docs.docker.com/desktop/troubleshoot/overview/\n",
            "content_base64": null,
            "content_base64sha256": "xzd1ig3pS/tC2jx+VnUEIkCt3XUFSzKGcJVzdWNGGHo=",
            "content_base64sha512": "Hw6aCPHH0LliBtnhw7xDAP3cGr8SgfeOZrdQfmgnV35e1wxFHtbHeA+/++O3HyzmZ3EC2os5q0hWbpzu7Rb73g==",
            "content_md5": "945775e0ef86b6af4ae54301d1b5bdac",
            "content_sha1": "99aa99a5b48b94845bcd8d5e3a9aae986dcac0e8",
            "content_sha256": "c737758a0de94bfb42da3c7e5675042240addd75054b3286709573756346187a",
            "content_sha512": "1f0e9a08f1c7d0b96206d9e1c3bc4300fddc1abf1281f78e66b7507e6827577e5ed70c451ed6c7780fbffbe3b71f2ce6677102da8b39ab48566e9ceeed16fbde",
            "directory_permission": "0777",
            "file_permission": "0777",
            "filename": "./docker_instructions.md",
            "id": "99aa99a5b48b94845bcd8d5e3a9aae986dcac0e8",
            "sensitive_content": null,
            "source": null
          },
          "sensitive_attributes": [
            [
              {
                "type": "get_attr",
                "value": "sensitive_content"
              }
            ]
          ]
        }
      ]
    },
    {
      "mode": "managed",
      "type": "null_resource",
      "name": "docker_deployment",
      "provider": "provider[\"registry.terraform.io/hashicorp/null\"]",
      "instances": [
        {
          "schema_version": 0,
          "attributes": {
            "id": "7361928383471499919",
            "triggers": {
              "deployment_info": "Deployment timestamp: 2025-05-02T18:19:00Z"
            }
          },
          "sensitive_attributes": [],
          "dependencies": [
            "local_file.deployment_info"
          ]
        }
      ]
    }
  ],
  "check_results": null
}
